
Microsoft Visual Studio Solution File, Format Version 12.00
# Visual Studio Version 17
VisualStudioVersion = 17.5.33414.496
MinimumVisualStudioVersion = 10.0.40219.1
Project("{FAE04EC0-301F-11D3-BF4B-00C04F79EFBC}") = "Text editor multi windows", "Text editor multi windows\Text editor multi windows.csproj", "{95858527-3ACD-4168-B0DC-F54B2D560088}"
EndProject
Global
	GlobalSection(SolutionConfigurationPlatforms) = preSolution
		Debug|Any CPU = Debug|Any CPU
		Release|Any CPU = Release|Any CPU
	EndGlobalSection
	GlobalSection(ProjectConfigurationPlatforms) = postSolution
		{95858527-3ACD-4168-B0DC-F54B2D560088}.Debug|Any CPU.ActiveCfg = Debug|Any CPU
		{95858527-3ACD-4168-B0DC-F54B2D560088}.Debug|Any CPU.Build.0 = Debug|Any CPU
		{95858527-3ACD-4168-B0DC-F54B2D560088}.Release|Any CPU.ActiveCfg = Release|Any CPU
		{95858527-3ACD-4168-B0DC-F54B2D560088}.Release|Any CPU.Build.0 = Release|Any CPU
	EndGlobalSection
	GlobalSection(SolutionProperties) = preSolution
		HideSolutionNode = FALSE
	EndGlobalSection
	GlobalSection(ExtensibilityGlobals) = postSolution
		SolutionGuid = {C2DCD940-B76A-47C5-9C20-AF23C028669D}
	EndGlobalSection
EndGlobal
